{
  "name": "gen-impulse",
  "version": "1.0.0",
  "lockfileVersion": 1,
  "requires": true,
  "dependencies": {
    "gen-computation": {
      "version": "1.0.0",
      "resolved": "https://registry.npmjs.org/gen-computation/-/gen-computation-1.0.0.tgz",
      "integrity": "sha512-ArUfkX9kPaG3ZQ2CSgwXUyFRDCwfroBOM0+CuN5uJoN7G9Jo25nKaP6YKGvJBsixS2c4DxGYkk8RBg7qWS2t6w=="
    },
    "snabbdom": {
      "version": "0.7.4",
      "resolved": "https://registry.npmjs.org/snabbdom/-/snabbdom-0.7.4.tgz",
      "integrity": "sha512-nnN+7uZ2NTIiu7EPMNwSDhmrYXqwlfCP/j72RdzvDPujXyvQxOW7Jl9yuLayzxMHDNWQR7FM6Pcn4wnDpKRe6Q=="
    }
  }
}
